
Microsoft Visual Studio Solution File, Format Version 12.00
# Visual Studio 14
VisualStudioVersion = 14.0.23107.0
MinimumVisualStudioVersion = 10.0.40219.1
Project("{FAE04EC0-301F-11D3-BF4B-00C04F79EFBC}") = "Http", "Http\Http.csproj", "{612058A5-9DCF-4DE3-B48B-EA49A7CFCDEF}"
EndProject
Project("{FAE04EC0-301F-11D3-BF4B-00C04F79EFBC}") = "HttpClient", "HttpClient\HttpClient.csproj", "{BBF63DAB-2E2F-4BA0-86C8-DAE28C07E567}"
EndProject
Global
	GlobalSection(SolutionConfigurationPlatforms) = preSolution
		Debug|Any CPU = Debug|Any CPU
		Release|Any CPU = Release|Any CPU
	EndGlobalSection
	GlobalSection(ProjectConfigurationPlatforms) = postSolution
		{612058A5-9DCF-4DE3-B48B-EA49A7CFCDEF}.Debug|Any CPU.ActiveCfg = Debug|Any CPU
		{612058A5-9DCF-4DE3-B48B-EA49A7CFCDEF}.Debug|Any CPU.Build.0 = Debug|Any CPU
		{612058A5-9DCF-4DE3-B48B-EA49A7CFCDEF}.Release|Any CPU.ActiveCfg = Release|Any CPU
		{612058A5-9DCF-4DE3-B48B-EA49A7CFCDEF}.Release|Any CPU.Build.0 = Release|Any CPU
		{BBF63DAB-2E2F-4BA0-86C8-DAE28C07E567}.Debug|Any CPU.ActiveCfg = Debug|Any CPU
		{BBF63DAB-2E2F-4BA0-86C8-DAE28C07E567}.Debug|Any CPU.Build.0 = Debug|Any CPU
		{BBF63DAB-2E2F-4BA0-86C8-DAE28C07E567}.Release|Any CPU.ActiveCfg = Release|Any CPU
		{BBF63DAB-2E2F-4BA0-86C8-DAE28C07E567}.Release|Any CPU.Build.0 = Release|Any CPU
	EndGlobalSection
	GlobalSection(SolutionProperties) = preSolution
		HideSolutionNode = FALSE
	EndGlobalSection
EndGlobal
